
Microsoft Visual Studio Solution File, Format Version 12.00
# Visual Studio Version 17
VisualStudioVersion = 17.1.32210.238
MinimumVisualStudioVersion = 10.0.40219.1
Project("{9A19103F-16F7-4668-BE54-9A1E7A4F7556}") = "001-Estudo-API", "001-Estudo-API\001-Estudo-API.csproj", "{4BFB617F-F55F-48C8-8F39-DA92A77D10A6}"
EndProject
Project("{9A19103F-16F7-4668-BE54-9A1E7A4F7556}") = "002-MyFirstBaltaAPI", "002-MyFirstBaltaAPI\002-MyFirstBaltaAPI.csproj", "{20E9BCC6-B663-4380-8B6A-31B343C7E888}"
EndProject
Project("{9A19103F-16F7-4668-BE54-9A1E7A4F7556}") = "003-ControleDeEstoque", "003-ControleDeEstoque\003-ControleDeEstoque.csproj", "{ED5946CB-0B3B-4781-9336-9F852BADD3E6}"
EndProject
Project("{2150E333-8FDC-42A3-9474-1A3956D46DE8}") = "004-frontBack", "004-frontBack", "{A0ADACC7-3828-4431-85C1-DC3A9209148E}"
EndProject
Project("{2150E333-8FDC-42A3-9474-1A3956D46DE8}") = "Front", "Front", "{34A998DC-E9E7-4184-A086-9563CBC2D576}"
EndProject
Project("{2150E333-8FDC-42A3-9474-1A3956D46DE8}") = "Back", "Back", "{465ECA91-96F2-40CE-941F-D3CC512B3239}"
EndProject
Project("{9A19103F-16F7-4668-BE54-9A1E7A4F7556}") = "FrontEnd", "FrontEnd\FrontEnd.csproj", "{FDF47861-64BB-45E9-AEBD-204B5AC68D62}"
EndProject
Project("{FAE04EC0-301F-11D3-BF4B-00C04F79EFBC}") = "004-BLAZOR-ESTOQUE", "004-BLAZOR-ESTOQUE\004-BLAZOR-ESTOQUE.csproj", "{7DBDEC7E-90F8-47A2-BFE4-062EFD54BE42}"
EndProject
Global
	GlobalSection(SolutionConfigurationPlatforms) = preSolution
		Debug|Any CPU = Debug|Any CPU
		Release|Any CPU = Release|Any CPU
	EndGlobalSection
	GlobalSection(ProjectConfigurationPlatforms) = postSolution
		{4BFB617F-F55F-48C8-8F39-DA92A77D10A6}.Debug|Any CPU.ActiveCfg = Debug|Any CPU
		{4BFB617F-F55F-48C8-8F39-DA92A77D10A6}.Debug|Any CPU.Build.0 = Debug|Any CPU
		{4BFB617F-F55F-48C8-8F39-DA92A77D10A6}.Release|Any CPU.ActiveCfg = Release|Any CPU
		{4BFB617F-F55F-48C8-8F39-DA92A77D10A6}.Release|Any CPU.Build.0 = Release|Any CPU
		{20E9BCC6-B663-4380-8B6A-31B343C7E888}.Debug|Any CPU.ActiveCfg = Debug|Any CPU
		{20E9BCC6-B663-4380-8B6A-31B343C7E888}.Debug|Any CPU.Build.0 = Debug|Any CPU
		{20E9BCC6-B663-4380-8B6A-31B343C7E888}.Release|Any CPU.ActiveCfg = Release|Any CPU
		{20E9BCC6-B663-4380-8B6A-31B343C7E888}.Release|Any CPU.Build.0 = Release|Any CPU
		{ED5946CB-0B3B-4781-9336-9F852BADD3E6}.Debug|Any CPU.ActiveCfg = Debug|Any CPU
		{ED5946CB-0B3B-4781-9336-9F852BADD3E6}.Debug|Any CPU.Build.0 = Debug|Any CPU
		{ED5946CB-0B3B-4781-9336-9F852BADD3E6}.Release|Any CPU.ActiveCfg = Release|Any CPU
		{ED5946CB-0B3B-4781-9336-9F852BADD3E6}.Release|Any CPU.Build.0 = Release|Any CPU
		{FDF47861-64BB-45E9-AEBD-204B5AC68D62}.Debug|Any CPU.ActiveCfg = Debug|Any CPU
		{FDF47861-64BB-45E9-AEBD-204B5AC68D62}.Debug|Any CPU.Build.0 = Debug|Any CPU
		{FDF47861-64BB-45E9-AEBD-204B5AC68D62}.Release|Any CPU.ActiveCfg = Release|Any CPU
		{FDF47861-64BB-45E9-AEBD-204B5AC68D62}.Release|Any CPU.Build.0 = Release|Any CPU
		{7DBDEC7E-90F8-47A2-BFE4-062EFD54BE42}.Debug|Any CPU.ActiveCfg = Debug|Any CPU
		{7DBDEC7E-90F8-47A2-BFE4-062EFD54BE42}.Debug|Any CPU.Build.0 = Debug|Any CPU
		{7DBDEC7E-90F8-47A2-BFE4-062EFD54BE42}.Release|Any CPU.ActiveCfg = Release|Any CPU
		{7DBDEC7E-90F8-47A2-BFE4-062EFD54BE42}.Release|Any CPU.Build.0 = Release|Any CPU
	EndGlobalSection
	GlobalSection(SolutionProperties) = preSolution
		HideSolutionNode = FALSE
	EndGlobalSection
	GlobalSection(NestedProjects) = preSolution
		{34A998DC-E9E7-4184-A086-9563CBC2D576} = {A0ADACC7-3828-4431-85C1-DC3A9209148E}
		{465ECA91-96F2-40CE-941F-D3CC512B3239} = {A0ADACC7-3828-4431-85C1-DC3A9209148E}
		{FDF47861-64BB-45E9-AEBD-204B5AC68D62} = {34A998DC-E9E7-4184-A086-9563CBC2D576}
		{7DBDEC7E-90F8-47A2-BFE4-062EFD54BE42} = {465ECA91-96F2-40CE-941F-D3CC512B3239}
	EndGlobalSection
	GlobalSection(ExtensibilityGlobals) = postSolution
		SolutionGuid = {35931A80-AA49-4E3F-9CB7-6E1135DCB08C}
	EndGlobalSection
EndGlobal
